
Microsoft Visual Studio Solution File, Format Version 12.00
# Visual Studio Version 17
VisualStudioVersion = 17.5.002.0
MinimumVisualStudioVersion = 10.0.40219.1
Project("{9A19103F-16F7-4668-BE54-9A1E7A4F7556}") = "taskLogin", "taskLogin.csproj", "{B16492EB-D92C-4DFE-8712-9EF401322AE5}"
EndProject
Global
	GlobalSection(SolutionConfigurationPlatforms) = preSolution
		Debug|Any CPU = Debug|Any CPU
		Release|Any CPU = Release|Any CPU
	EndGlobalSection
	GlobalSection(ProjectConfigurationPlatforms) = postSolution
		{B16492EB-D92C-4DFE-8712-9EF401322AE5}.Debug|Any CPU.ActiveCfg = Debug|Any CPU
		{B16492EB-D92C-4DFE-8712-9EF401322AE5}.Debug|Any CPU.Build.0 = Debug|Any CPU
		{B16492EB-D92C-4DFE-8712-9EF401322AE5}.Release|Any CPU.ActiveCfg = Release|Any CPU
		{B16492EB-D92C-4DFE-8712-9EF401322AE5}.Release|Any CPU.Build.0 = Release|Any CPU
	EndGlobalSection
	GlobalSection(SolutionProperties) = preSolution
		HideSolutionNode = FALSE
	EndGlobalSection
	GlobalSection(ExtensibilityGlobals) = postSolution
		SolutionGuid = {06EFEFB6-8807-4C0D-8293-2DF4B54B40B4}
	EndGlobalSection
EndGlobal
